
Microsoft Visual Studio Solution File, Format Version 12.00
# Visual Studio Version 17
VisualStudioVersion = 17.14.36518.9 d17.14
MinimumVisualStudioVersion = 10.0.40219.1
Project("{FAE04EC0-301F-11D3-BF4B-00C04F79EFBC}") = "CicekSepetiProje", "CicekSepetiProje\CicekSepetiProje.csproj", "{F21D1599-F0FE-4FEE-97E6-E659737DA9D7}"
EndProject
Global
	GlobalSection(SolutionConfigurationPlatforms) = preSolution
		Debug|Any CPU = Debug|Any CPU
		Release|Any CPU = Release|Any CPU
	EndGlobalSection
	GlobalSection(ProjectConfigurationPlatforms) = postSolution
		{F21D1599-F0FE-4FEE-97E6-E659737DA9D7}.Debug|Any CPU.ActiveCfg = Debug|Any CPU
		{F21D1599-F0FE-4FEE-97E6-E659737DA9D7}.Debug|Any CPU.Build.0 = Debug|Any CPU
		{F21D1599-F0FE-4FEE-97E6-E659737DA9D7}.Release|Any CPU.ActiveCfg = Release|Any CPU
		{F21D1599-F0FE-4FEE-97E6-E659737DA9D7}.Release|Any CPU.Build.0 = Release|Any CPU
	EndGlobalSection
	GlobalSection(SolutionProperties) = preSolution
		HideSolutionNode = FALSE
	EndGlobalSection
	GlobalSection(ExtensibilityGlobals) = postSolution
		SolutionGuid = {94CB5E67-D351-44B9-BD3C-BED17566F142}
	EndGlobalSection
EndGlobal
